{
  "name": "npm_test_yaotou",
  "version": "1.0.0",
  "lockfileVersion": 2,
  "requires": true,
  "packages": {
    "": {
      "name": "npm_test_yaotou",
      "version": "1.0.0",
      "license": "ISC",
      "dependencies": {
        "npm_test_yaotou": "^1.0.0"
      }
    },
    "node_modules/npm_test_yaotou": {
      "version": "1.0.0",
      "resolved": "https://registry.npmjs.org/npm_test_yaotou/-/npm_test_yaotou-1.0.0.tgz",
      "integrity": "sha512-d05Qa2jY/0XkrYHUMNC853n+9zH4vgAYsn/sIzRDoMh3ppq45NntqtsOabIt0REKgg9F+ucMUCxULD8YXN4BGQ=="
    }
  },
  "dependencies": {
    "npm_test_yaotou": {
      "version": "1.0.0",
      "resolved": "https://registry.npmjs.org/npm_test_yaotou/-/npm_test_yaotou-1.0.0.tgz",
      "integrity": "sha512-d05Qa2jY/0XkrYHUMNC853n+9zH4vgAYsn/sIzRDoMh3ppq45NntqtsOabIt0REKgg9F+ucMUCxULD8YXN4BGQ=="
    }
  }
}
