# THIS IS AN AUTOGENERATED FILE. DO NOT EDIT THIS FILE DIRECTLY.
# yarn lockfile v1


source-map@^0.7.3:
  version "0.7.3"
  resolved "https://registry.yarnpkg.com/source-map/-/source-map-0.7.3.tgz#5302f8169031735226544092e64981f751750383"
  integrity sha512-CkCj6giN3S+n9qrYiBTX5gystlENnRW5jZeNLHpe6aue+SrHcG5VYwujhW9s4dY31mEGsxBDrHR6oI69fTXsaQ==

vue-next@^0.0.1:
  version "0.0.1"
  resolved "https://registry.yarnpkg.com/vue-next/-/vue-next-0.0.1.tgz#32db132f3c0abf86e143b48ba3ad7de83438c08a"
  integrity sha512-y1ezq/cCvvCp5YqDzoOFiyiWLl+WmsMyLICGOW/y7EsENrJsJ2Uqa+sKTT2F53EF/iLx2QhU6qderjoVWU5RJw==
  dependencies:
    source-map "^0.7.3"
